
Microsoft Visual Studio Solution File, Format Version 12.00
# Visual Studio Version 17
VisualStudioVersion = 17.10.34902.84
MinimumVisualStudioVersion = 10.0.40219.1
Project("{2150E333-8FDC-42A3-9474-1A3956D46DE8}") = "Solution Items", "Solution Items", "{8A7B4299-14C5-46B0-A575-769ED4FBA46D}"
	ProjectSection(SolutionItems) = preProject
		.gitignore = .gitignore
		Build\Build.Configuration.cs = Build\Build.Configuration.cs
		Changelog.md = Changelog.md
		Readme.md = Readme.md
	EndProjectSection
EndProject
Project("{9A19103F-16F7-4668-BE54-9A1E7A4F7556}") = "Build", "build\Build.csproj", "{02737A7D-F7B9-42A0-9F39-77CCAF89D585}"
EndProject
Project("{9A19103F-16F7-4668-BE54-9A1E7A4F7556}") = "Installer", "install\Installer.csproj", "{258B40F0-40D5-406C-A9C1-E804CCE1598E}"
EndProject
Project("{9A19103F-16F7-4668-BE54-9A1E7A4F7556}") = "CWO_App", "source\CWO_App\CWO_App.csproj", "{D886AC9E-8E95-4BCA-A2AD-A2CC8840E34A}"
EndProject
Project("{9A19103F-16F7-4668-BE54-9A1E7A4F7556}") = "RevitCore", "..\RevitCore\RevitCore.csproj", "{D2186398-B280-4909-A661-CE9168AB5548}"
EndProject
Project("{9A19103F-16F7-4668-BE54-9A1E7A4F7556}") = "CWO_App.UI", "source\CWO_App.UI\CWO_App.UI.csproj", "{D67DF3CD-C58F-4C45-893A-B93549DD8EEA}"
EndProject
Global
	GlobalSection(SolutionConfigurationPlatforms) = preSolution
		Debug R22|Any CPU = Debug R22|Any CPU
		Debug R23|Any CPU = Debug R23|Any CPU
		Debug R24|Any CPU = Debug R24|Any CPU
		Debug R25|Any CPU = Debug R25|Any CPU
		Release R22|Any CPU = Release R22|Any CPU
		Release R23|Any CPU = Release R23|Any CPU
		Release R24|Any CPU = Release R24|Any CPU
		Release R25|Any CPU = Release R25|Any CPU
		Installer|Any CPU = Installer|Any CPU
	EndGlobalSection
	GlobalSection(ProjectConfigurationPlatforms) = postSolution
		{02737A7D-F7B9-42A0-9F39-77CCAF89D585}.Debug R22|Any CPU.ActiveCfg = Debug|Any CPU
		{02737A7D-F7B9-42A0-9F39-77CCAF89D585}.Debug R23|Any CPU.ActiveCfg = Debug|Any CPU
		{02737A7D-F7B9-42A0-9F39-77CCAF89D585}.Debug R24|Any CPU.ActiveCfg = Debug|Any CPU
		{02737A7D-F7B9-42A0-9F39-77CCAF89D585}.Debug R25|Any CPU.ActiveCfg = Debug|Any CPU
		{02737A7D-F7B9-42A0-9F39-77CCAF89D585}.Release R22|Any CPU.ActiveCfg = Release|Any CPU
		{02737A7D-F7B9-42A0-9F39-77CCAF89D585}.Release R23|Any CPU.ActiveCfg = Release|Any CPU
		{02737A7D-F7B9-42A0-9F39-77CCAF89D585}.Release R24|Any CPU.ActiveCfg = Release|Any CPU
		{02737A7D-F7B9-42A0-9F39-77CCAF89D585}.Release R25|Any CPU.ActiveCfg = Release|Any CPU
		{02737A7D-F7B9-42A0-9F39-77CCAF89D585}.Installer|Any CPU.ActiveCfg = Release|Any CPU
		{258B40F0-40D5-406C-A9C1-E804CCE1598E}.Debug R22|Any CPU.ActiveCfg = Debug|Any CPU
		{258B40F0-40D5-406C-A9C1-E804CCE1598E}.Debug R23|Any CPU.ActiveCfg = Debug|Any CPU
		{258B40F0-40D5-406C-A9C1-E804CCE1598E}.Debug R24|Any CPU.ActiveCfg = Debug|Any CPU
		{258B40F0-40D5-406C-A9C1-E804CCE1598E}.Debug R25|Any CPU.ActiveCfg = Debug|Any CPU
		{258B40F0-40D5-406C-A9C1-E804CCE1598E}.Release R22|Any CPU.ActiveCfg = Release|Any CPU
		{258B40F0-40D5-406C-A9C1-E804CCE1598E}.Release R23|Any CPU.ActiveCfg = Release|Any CPU
		{258B40F0-40D5-406C-A9C1-E804CCE1598E}.Release R24|Any CPU.ActiveCfg = Release|Any CPU
		{258B40F0-40D5-406C-A9C1-E804CCE1598E}.Release R25|Any CPU.ActiveCfg = Release|Any CPU
		{258B40F0-40D5-406C-A9C1-E804CCE1598E}.Installer|Any CPU.ActiveCfg = Release|Any CPU
		{258B40F0-40D5-406C-A9C1-E804CCE1598E}.Installer|Any CPU.Build.0 = Release|Any CPU
		{D886AC9E-8E95-4BCA-A2AD-A2CC8840E34A}.Debug R22|Any CPU.ActiveCfg = Debug R22|Any CPU
		{D886AC9E-8E95-4BCA-A2AD-A2CC8840E34A}.Debug R22|Any CPU.Build.0 = Debug R22|Any CPU
		{D886AC9E-8E95-4BCA-A2AD-A2CC8840E34A}.Debug R23|Any CPU.ActiveCfg = Debug R23|Any CPU
		{D886AC9E-8E95-4BCA-A2AD-A2CC8840E34A}.Debug R23|Any CPU.Build.0 = Debug R23|Any CPU
		{D886AC9E-8E95-4BCA-A2AD-A2CC8840E34A}.Debug R24|Any CPU.ActiveCfg = Debug R24|Any CPU
		{D886AC9E-8E95-4BCA-A2AD-A2CC8840E34A}.Debug R24|Any CPU.Build.0 = Debug R24|Any CPU
		{D886AC9E-8E95-4BCA-A2AD-A2CC8840E34A}.Debug R25|Any CPU.ActiveCfg = Debug R25|Any CPU
		{D886AC9E-8E95-4BCA-A2AD-A2CC8840E34A}.Debug R25|Any CPU.Build.0 = Debug R25|Any CPU
		{D886AC9E-8E95-4BCA-A2AD-A2CC8840E34A}.Installer|Any CPU.ActiveCfg = Release R25|Any CPU
		{D886AC9E-8E95-4BCA-A2AD-A2CC8840E34A}.Release R22|Any CPU.ActiveCfg = Release R22|Any CPU
		{D886AC9E-8E95-4BCA-A2AD-A2CC8840E34A}.Release R22|Any CPU.Build.0 = Release R22|Any CPU
		{D886AC9E-8E95-4BCA-A2AD-A2CC8840E34A}.Release R23|Any CPU.ActiveCfg = Release R23|Any CPU
		{D886AC9E-8E95-4BCA-A2AD-A2CC8840E34A}.Release R23|Any CPU.Build.0 = Release R23|Any CPU
		{D886AC9E-8E95-4BCA-A2AD-A2CC8840E34A}.Release R24|Any CPU.ActiveCfg = Release R24|Any CPU
		{D886AC9E-8E95-4BCA-A2AD-A2CC8840E34A}.Release R24|Any CPU.Build.0 = Release R24|Any CPU
		{D886AC9E-8E95-4BCA-A2AD-A2CC8840E34A}.Release R25|Any CPU.ActiveCfg = Release R25|Any CPU
		{D886AC9E-8E95-4BCA-A2AD-A2CC8840E34A}.Release R25|Any CPU.Build.0 = Release R25|Any CPU
		{D2186398-B280-4909-A661-CE9168AB5548}.Debug R22|Any CPU.ActiveCfg = Debug R22|Any CPU
		{D2186398-B280-4909-A661-CE9168AB5548}.Debug R22|Any CPU.Build.0 = Debug R22|Any CPU
		{D2186398-B280-4909-A661-CE9168AB5548}.Debug R23|Any CPU.ActiveCfg = Debug R23|Any CPU
		{D2186398-B280-4909-A661-CE9168AB5548}.Debug R23|Any CPU.Build.0 = Debug R23|Any CPU
		{D2186398-B280-4909-A661-CE9168AB5548}.Debug R24|Any CPU.ActiveCfg = Debug R24|Any CPU
		{D2186398-B280-4909-A661-CE9168AB5548}.Debug R24|Any CPU.Build.0 = Debug R24|Any CPU
		{D2186398-B280-4909-A661-CE9168AB5548}.Debug R25|Any CPU.ActiveCfg = Debug R25|Any CPU
		{D2186398-B280-4909-A661-CE9168AB5548}.Debug R25|Any CPU.Build.0 = Debug R25|Any CPU
		{D2186398-B280-4909-A661-CE9168AB5548}.Installer|Any CPU.ActiveCfg = Release R25|Any CPU
		{D2186398-B280-4909-A661-CE9168AB5548}.Release R22|Any CPU.ActiveCfg = Release R22|Any CPU
		{D2186398-B280-4909-A661-CE9168AB5548}.Release R22|Any CPU.Build.0 = Release R22|Any CPU
		{D2186398-B280-4909-A661-CE9168AB5548}.Release R23|Any CPU.ActiveCfg = Release R23|Any CPU
		{D2186398-B280-4909-A661-CE9168AB5548}.Release R23|Any CPU.Build.0 = Release R23|Any CPU
		{D2186398-B280-4909-A661-CE9168AB5548}.Release R24|Any CPU.ActiveCfg = Release R24|Any CPU
		{D2186398-B280-4909-A661-CE9168AB5548}.Release R24|Any CPU.Build.0 = Release R24|Any CPU
		{D2186398-B280-4909-A661-CE9168AB5548}.Release R25|Any CPU.ActiveCfg = Release R25|Any CPU
		{D2186398-B280-4909-A661-CE9168AB5548}.Release R25|Any CPU.Build.0 = Release R25|Any CPU
		{D67DF3CD-C58F-4C45-893A-B93549DD8EEA}.Debug R22|Any CPU.ActiveCfg = Debug R22|Any CPU
		{D67DF3CD-C58F-4C45-893A-B93549DD8EEA}.Debug R22|Any CPU.Build.0 = Debug R22|Any CPU
		{D67DF3CD-C58F-4C45-893A-B93549DD8EEA}.Debug R23|Any CPU.ActiveCfg = Debug R23|Any CPU
		{D67DF3CD-C58F-4C45-893A-B93549DD8EEA}.Debug R23|Any CPU.Build.0 = Debug R23|Any CPU
		{D67DF3CD-C58F-4C45-893A-B93549DD8EEA}.Debug R24|Any CPU.ActiveCfg = Debug R24|Any CPU
		{D67DF3CD-C58F-4C45-893A-B93549DD8EEA}.Debug R24|Any CPU.Build.0 = Debug R24|Any CPU
		{D67DF3CD-C58F-4C45-893A-B93549DD8EEA}.Debug R25|Any CPU.ActiveCfg = Debug R25|Any CPU
		{D67DF3CD-C58F-4C45-893A-B93549DD8EEA}.Debug R25|Any CPU.Build.0 = Debug R25|Any CPU
		{D67DF3CD-C58F-4C45-893A-B93549DD8EEA}.Installer|Any CPU.ActiveCfg = Release R25|Any CPU
		{D67DF3CD-C58F-4C45-893A-B93549DD8EEA}.Release R22|Any CPU.ActiveCfg = Release R22|Any CPU
		{D67DF3CD-C58F-4C45-893A-B93549DD8EEA}.Release R22|Any CPU.Build.0 = Release R22|Any CPU
		{D67DF3CD-C58F-4C45-893A-B93549DD8EEA}.Release R23|Any CPU.ActiveCfg = Release R23|Any CPU
		{D67DF3CD-C58F-4C45-893A-B93549DD8EEA}.Release R23|Any CPU.Build.0 = Release R23|Any CPU
		{D67DF3CD-C58F-4C45-893A-B93549DD8EEA}.Release R24|Any CPU.ActiveCfg = Release R24|Any CPU
		{D67DF3CD-C58F-4C45-893A-B93549DD8EEA}.Release R24|Any CPU.Build.0 = Release R24|Any CPU
		{D67DF3CD-C58F-4C45-893A-B93549DD8EEA}.Release R25|Any CPU.ActiveCfg = Release R25|Any CPU
		{D67DF3CD-C58F-4C45-893A-B93549DD8EEA}.Release R25|Any CPU.Build.0 = Release R25|Any CPU
	EndGlobalSection
EndGlobal
